{
    "version": 3,
    "terraform_version": "0.11.8",
    "serial": 12,
    "lineage": "79ffd5bf-59bd-e1f9-345d-58ee962e6caf",
    "modules": [
        {
            "path": [
                "root"
            ],
            "outputs": {
                "vpc_peering_id": {
                    "sensitive": false,
                    "type": "string",
                    "value": "pcx-fc8a4d94"
                }
            },
            "resources": {
                "aws_subnet.priv_a1": {
                    "type": "aws_subnet",
                    "depends_on": [
                        "aws_vpc.main"
                    ],
                    "primary": {
                        "id": "subnet-295e7841",
                        "attributes": {
                            "arn": "arn:aws:ec2:us-east-2:737765950268:subnet/subnet-295e7841",
                            "assign_ipv6_address_on_creation": "false",
                            "availability_zone": "us-east-2a",
                            "cidr_block": "172.16.0.0/24",
                            "id": "subnet-295e7841",
                            "map_public_ip_on_launch": "false",
                            "tags.%": "1",
                            "tags.Name": "my_vpc-priv-a1",
                            "vpc_id": "vpc-1b6f5173"
                        },
                        "meta": {
                            "e2bfb730-ecaa-11e6-8f88-34363bc7c4c0": {
                                "create": 600000000000,
                                "delete": 600000000000
                            },
                            "schema_version": "1"
                        },
                        "tainted": false
                    },
                    "deposed": [],
                    "provider": "provider.aws"
                },
                "aws_subnet.priv_a2": {
                    "type": "aws_subnet",
                    "depends_on": [
                        "aws_vpc.main"
                    ],
                    "primary": {
                        "id": "subnet-7b240213",
                        "attributes": {
                            "arn": "arn:aws:ec2:us-east-2:737765950268:subnet/subnet-7b240213",
                            "assign_ipv6_address_on_creation": "false",
                            "availability_zone": "us-east-2a",
                            "cidr_block": "172.16.1.0/24",
                            "id": "subnet-7b240213",
                            "map_public_ip_on_launch": "false",
                            "tags.%": "1",
                            "tags.Name": "my_vpc-priv-a2",
                            "vpc_id": "vpc-1b6f5173"
                        },
                        "meta": {
                            "e2bfb730-ecaa-11e6-8f88-34363bc7c4c0": {
                                "create": 600000000000,
                                "delete": 600000000000
                            },
                            "schema_version": "1"
                        },
                        "tainted": false
                    },
                    "deposed": [],
                    "provider": "provider.aws"
                },
                "aws_subnet.priv_a3": {
                    "type": "aws_subnet",
                    "depends_on": [
                        "aws_vpc.main"
                    ],
                    "primary": {
                        "id": "subnet-8a2107e2",
                        "attributes": {
                            "arn": "arn:aws:ec2:us-east-2:737765950268:subnet/subnet-8a2107e2",
                            "assign_ipv6_address_on_creation": "false",
                            "availability_zone": "us-east-2a",
                            "cidr_block": "172.16.2.0/24",
                            "id": "subnet-8a2107e2",
                            "map_public_ip_on_launch": "false",
                            "tags.%": "1",
                            "tags.Name": "my_vpc-priv-a3",
                            "vpc_id": "vpc-1b6f5173"
                        },
                        "meta": {
                            "e2bfb730-ecaa-11e6-8f88-34363bc7c4c0": {
                                "create": 600000000000,
                                "delete": 600000000000
                            },
                            "schema_version": "1"
                        },
                        "tainted": false
                    },
                    "deposed": [],
                    "provider": "provider.aws"
                },
                "aws_subnet.priv_b1": {
                    "type": "aws_subnet",
                    "depends_on": [
                        "aws_vpc.main"
                    ],
                    "primary": {
                        "id": "subnet-2e831f54",
                        "attributes": {
                            "arn": "arn:aws:ec2:us-east-2:737765950268:subnet/subnet-2e831f54",
                            "assign_ipv6_address_on_creation": "false",
                            "availability_zone": "us-east-2b",
                            "cidr_block": "172.16.3.0/24",
                            "id": "subnet-2e831f54",
                            "map_public_ip_on_launch": "false",
                            "tags.%": "1",
                            "tags.Name": "my_vpc-priv-b1",
                            "vpc_id": "vpc-1b6f5173"
                        },
                        "meta": {
                            "e2bfb730-ecaa-11e6-8f88-34363bc7c4c0": {
                                "create": 600000000000,
                                "delete": 600000000000
                            },
                            "schema_version": "1"
                        },
                        "tainted": false
                    },
                    "deposed": [],
                    "provider": "provider.aws"
                },
                "aws_subnet.priv_b2": {
                    "type": "aws_subnet",
                    "depends_on": [
                        "aws_vpc.main"
                    ],
                    "primary": {
                        "id": "subnet-55bb272f",
                        "attributes": {
                            "arn": "arn:aws:ec2:us-east-2:737765950268:subnet/subnet-55bb272f",
                            "assign_ipv6_address_on_creation": "false",
                            "availability_zone": "us-east-2b",
                            "cidr_block": "172.16.4.0/24",
                            "id": "subnet-55bb272f",
                            "map_public_ip_on_launch": "false",
                            "tags.%": "1",
                            "tags.Name": "my_vpc-priv-b2",
                            "vpc_id": "vpc-1b6f5173"
                        },
                        "meta": {
                            "e2bfb730-ecaa-11e6-8f88-34363bc7c4c0": {
                                "create": 600000000000,
                                "delete": 600000000000
                            },
                            "schema_version": "1"
                        },
                        "tainted": false
                    },
                    "deposed": [],
                    "provider": "provider.aws"
                },
                "aws_subnet.priv_b3": {
                    "type": "aws_subnet",
                    "depends_on": [
                        "aws_vpc.main"
                    ],
                    "primary": {
                        "id": "subnet-53b52929",
                        "attributes": {
                            "arn": "arn:aws:ec2:us-east-2:737765950268:subnet/subnet-53b52929",
                            "assign_ipv6_address_on_creation": "false",
                            "availability_zone": "us-east-2b",
                            "cidr_block": "172.16.5.0/24",
                            "id": "subnet-53b52929",
                            "map_public_ip_on_launch": "false",
                            "tags.%": "1",
                            "tags.Name": "my_vpc-priv-b3",
                            "vpc_id": "vpc-1b6f5173"
                        },
                        "meta": {
                            "e2bfb730-ecaa-11e6-8f88-34363bc7c4c0": {
                                "create": 600000000000,
                                "delete": 600000000000
                            },
                            "schema_version": "1"
                        },
                        "tainted": false
                    },
                    "deposed": [],
                    "provider": "provider.aws"
                },
                "aws_vpc.main": {
                    "type": "aws_vpc",
                    "depends_on": [],
                    "primary": {
                        "id": "vpc-1b6f5173",
                        "attributes": {
                            "arn": "arn:aws:ec2:us-east-2:737765950268:vpc/vpc-1b6f5173",
                            "assign_generated_ipv6_cidr_block": "false",
                            "cidr_block": "172.16.0.0/16",
                            "default_network_acl_id": "acl-fced0897",
                            "default_route_table_id": "rtb-6809ce03",
                            "default_security_group_id": "sg-4388cd2e",
                            "dhcp_options_id": "dopt-c84349a0",
                            "enable_dns_hostnames": "true",
                            "enable_dns_support": "true",
                            "id": "vpc-1b6f5173",
                            "instance_tenancy": "default",
                            "main_route_table_id": "rtb-6809ce03",
                            "tags.%": "1",
                            "tags.Name": "my_vpc"
                        },
                        "meta": {
                            "schema_version": "1"
                        },
                        "tainted": false
                    },
                    "deposed": [],
                    "provider": "provider.aws"
                },
                "aws_vpc.second_vpc": {
                    "type": "aws_vpc",
                    "depends_on": [],
                    "primary": {
                        "id": "vpc-ca645aa2",
                        "attributes": {
                            "arn": "arn:aws:ec2:us-east-2:737765950268:vpc/vpc-ca645aa2",
                            "assign_generated_ipv6_cidr_block": "false",
                            "cidr_block": "10.0.0.0/16",
                            "default_network_acl_id": "acl-adf411c6",
                            "default_route_table_id": "rtb-5b10d730",
                            "default_security_group_id": "sg-caafeaa7",
                            "dhcp_options_id": "dopt-c84349a0",
                            "enable_dns_hostnames": "true",
                            "enable_dns_support": "true",
                            "id": "vpc-ca645aa2",
                            "instance_tenancy": "default",
                            "main_route_table_id": "rtb-5b10d730",
                            "tags.%": "1",
                            "tags.Name": "my_vpc-second"
                        },
                        "meta": {
                            "schema_version": "1"
                        },
                        "tainted": false
                    },
                    "deposed": [],
                    "provider": "provider.aws"
                },
                "aws_vpc_peering_connection.this": {
                    "type": "aws_vpc_peering_connection",
                    "depends_on": [
                        "aws_vpc.main",
                        "aws_vpc.second_vpc"
                    ],
                    "primary": {
                        "id": "pcx-fc8a4d94",
                        "attributes": {
                            "accept_status": "active",
                            "accepter.#": "1",
                            "accepter.3244290774.allow_classic_link_to_remote_vpc": "false",
                            "accepter.3244290774.allow_remote_vpc_dns_resolution": "false",
                            "accepter.3244290774.allow_vpc_to_remote_classic_link": "false",
                            "auto_accept": "true",
                            "id": "pcx-fc8a4d94",
                            "peer_owner_id": "737765950268",
                            "peer_region": "us-east-2",
                            "peer_vpc_id": "vpc-1b6f5173",
                            "requester.#": "1",
                            "requester.3244290774.allow_classic_link_to_remote_vpc": "false",
                            "requester.3244290774.allow_remote_vpc_dns_resolution": "false",
                            "requester.3244290774.allow_vpc_to_remote_classic_link": "false",
                            "tags.%": "0",
                            "vpc_id": "vpc-ca645aa2"
                        },
                        "meta": {
                            "e2bfb730-ecaa-11e6-8f88-34363bc7c4c0": {
                                "create": 60000000000,
                                "delete": 60000000000,
                                "update": 60000000000
                            }
                        },
                        "tainted": false
                    },
                    "deposed": [],
                    "provider": "provider.aws"
                },
                "aws_vpn_gateway.vpn_gw": {
                    "type": "aws_vpn_gateway",
                    "depends_on": [
                        "aws_vpc.main"
                    ],
                    "primary": {
                        "id": "vgw-c745cdf7",
                        "attributes": {
                            "amazon_side_asn": "64512",
                            "id": "vgw-c745cdf7",
                            "tags.%": "1",
                            "tags.Name": "gateway-of-india",
                            "vpc_id": "vpc-1b6f5173"
                        },
                        "meta": {},
                        "tainted": false
                    },
                    "deposed": [],
                    "provider": "provider.aws"
                }
            },
            "depends_on": []
        }
    ]
}
