{
    "version": 3,
    "terraform_version": "0.11.8",
    "serial": 7,
    "lineage": "79ffd5bf-59bd-e1f9-345d-58ee962e6caf",
    "modules": [
        {
            "path": [
                "root"
            ],
            "outputs": {},
            "resources": {
                "aws_subnet.priv_a1": {
                    "type": "aws_subnet",
                    "depends_on": [
                        "aws_vpc.main"
                    ],
                    "primary": {
                        "id": "subnet-39567051",
                        "attributes": {
                            "arn": "arn:aws:ec2:us-east-2:737765950268:subnet/subnet-39567051",
                            "assign_ipv6_address_on_creation": "false",
                            "availability_zone": "us-east-2a",
                            "cidr_block": "172.16.0.0/24",
                            "id": "subnet-39567051",
                            "map_public_ip_on_launch": "false",
                            "tags.%": "1",
                            "tags.Name": "my_vpc-priv-a1",
                            "vpc_id": "vpc-f779479f"
                        },
                        "meta": {
                            "e2bfb730-ecaa-11e6-8f88-34363bc7c4c0": {
                                "create": 600000000000,
                                "delete": 600000000000
                            },
                            "schema_version": "1"
                        },
                        "tainted": false
                    },
                    "deposed": [],
                    "provider": "provider.aws"
                },
                "aws_subnet.priv_a2": {
                    "type": "aws_subnet",
                    "depends_on": [
                        "aws_vpc.main"
                    ],
                    "primary": {
                        "id": "subnet-842701ec",
                        "attributes": {
                            "arn": "arn:aws:ec2:us-east-2:737765950268:subnet/subnet-842701ec",
                            "assign_ipv6_address_on_creation": "false",
                            "availability_zone": "us-east-2a",
                            "cidr_block": "172.16.1.0/24",
                            "id": "subnet-842701ec",
                            "map_public_ip_on_launch": "false",
                            "tags.%": "1",
                            "tags.Name": "my_vpc-priv-a2",
                            "vpc_id": "vpc-f779479f"
                        },
                        "meta": {
                            "e2bfb730-ecaa-11e6-8f88-34363bc7c4c0": {
                                "create": 600000000000,
                                "delete": 600000000000
                            },
                            "schema_version": "1"
                        },
                        "tainted": false
                    },
                    "deposed": [],
                    "provider": "provider.aws"
                },
                "aws_subnet.priv_a3": {
                    "type": "aws_subnet",
                    "depends_on": [
                        "aws_vpc.main"
                    ],
                    "primary": {
                        "id": "subnet-2f527447",
                        "attributes": {
                            "arn": "arn:aws:ec2:us-east-2:737765950268:subnet/subnet-2f527447",
                            "assign_ipv6_address_on_creation": "false",
                            "availability_zone": "us-east-2a",
                            "cidr_block": "172.16.2.0/24",
                            "id": "subnet-2f527447",
                            "map_public_ip_on_launch": "false",
                            "tags.%": "1",
                            "tags.Name": "my_vpc-priv-a3",
                            "vpc_id": "vpc-f779479f"
                        },
                        "meta": {
                            "e2bfb730-ecaa-11e6-8f88-34363bc7c4c0": {
                                "create": 600000000000,
                                "delete": 600000000000
                            },
                            "schema_version": "1"
                        },
                        "tainted": false
                    },
                    "deposed": [],
                    "provider": "provider.aws"
                },
                "aws_subnet.priv_b1": {
                    "type": "aws_subnet",
                    "depends_on": [
                        "aws_vpc.main"
                    ],
                    "primary": {
                        "id": "subnet-96b62aec",
                        "attributes": {
                            "arn": "arn:aws:ec2:us-east-2:737765950268:subnet/subnet-96b62aec",
                            "assign_ipv6_address_on_creation": "false",
                            "availability_zone": "us-east-2b",
                            "cidr_block": "172.16.3.0/24",
                            "id": "subnet-96b62aec",
                            "map_public_ip_on_launch": "false",
                            "tags.%": "1",
                            "tags.Name": "my_vpc-priv-b1",
                            "vpc_id": "vpc-f779479f"
                        },
                        "meta": {
                            "e2bfb730-ecaa-11e6-8f88-34363bc7c4c0": {
                                "create": 600000000000,
                                "delete": 600000000000
                            },
                            "schema_version": "1"
                        },
                        "tainted": false
                    },
                    "deposed": [],
                    "provider": "provider.aws"
                },
                "aws_subnet.priv_b2": {
                    "type": "aws_subnet",
                    "depends_on": [
                        "aws_vpc.main"
                    ],
                    "primary": {
                        "id": "subnet-4fbf2335",
                        "attributes": {
                            "arn": "arn:aws:ec2:us-east-2:737765950268:subnet/subnet-4fbf2335",
                            "assign_ipv6_address_on_creation": "false",
                            "availability_zone": "us-east-2b",
                            "cidr_block": "172.16.4.0/24",
                            "id": "subnet-4fbf2335",
                            "map_public_ip_on_launch": "false",
                            "tags.%": "1",
                            "tags.Name": "my_vpc-priv-b2",
                            "vpc_id": "vpc-f779479f"
                        },
                        "meta": {
                            "e2bfb730-ecaa-11e6-8f88-34363bc7c4c0": {
                                "create": 600000000000,
                                "delete": 600000000000
                            },
                            "schema_version": "1"
                        },
                        "tainted": false
                    },
                    "deposed": [],
                    "provider": "provider.aws"
                },
                "aws_subnet.priv_b3": {
                    "type": "aws_subnet",
                    "depends_on": [
                        "aws_vpc.main"
                    ],
                    "primary": {
                        "id": "subnet-e98f1393",
                        "attributes": {
                            "arn": "arn:aws:ec2:us-east-2:737765950268:subnet/subnet-e98f1393",
                            "assign_ipv6_address_on_creation": "false",
                            "availability_zone": "us-east-2b",
                            "cidr_block": "172.16.5.0/24",
                            "id": "subnet-e98f1393",
                            "map_public_ip_on_launch": "false",
                            "tags.%": "1",
                            "tags.Name": "my_vpc-priv-b3",
                            "vpc_id": "vpc-f779479f"
                        },
                        "meta": {
                            "e2bfb730-ecaa-11e6-8f88-34363bc7c4c0": {
                                "create": 600000000000,
                                "delete": 600000000000
                            },
                            "schema_version": "1"
                        },
                        "tainted": false
                    },
                    "deposed": [],
                    "provider": "provider.aws"
                },
                "aws_vpc.main": {
                    "type": "aws_vpc",
                    "depends_on": [],
                    "primary": {
                        "id": "vpc-f779479f",
                        "attributes": {
                            "arn": "arn:aws:ec2:us-east-2:737765950268:vpc/vpc-f779479f",
                            "assign_generated_ipv6_cidr_block": "false",
                            "cidr_block": "172.16.0.0/16",
                            "default_network_acl_id": "acl-a89b7ec3",
                            "default_route_table_id": "rtb-4403c42f",
                            "default_security_group_id": "sg-cc480da1",
                            "dhcp_options_id": "dopt-c84349a0",
                            "enable_dns_hostnames": "true",
                            "enable_dns_support": "true",
                            "id": "vpc-f779479f",
                            "instance_tenancy": "default",
                            "main_route_table_id": "rtb-4403c42f",
                            "tags.%": "1",
                            "tags.Name": "my_vpc-vpc"
                        },
                        "meta": {
                            "schema_version": "1"
                        },
                        "tainted": false
                    },
                    "deposed": [],
                    "provider": "provider.aws"
                },
                "aws_vpn_gateway.vpn_gw": {
                    "type": "aws_vpn_gateway",
                    "depends_on": [
                        "aws_vpc.main"
                    ],
                    "primary": {
                        "id": "vgw-fe45cdce",
                        "attributes": {
                            "amazon_side_asn": "64512",
                            "id": "vgw-fe45cdce",
                            "tags.%": "1",
                            "tags.Name": "gateway-of-india",
                            "vpc_id": "vpc-f779479f"
                        },
                        "meta": {},
                        "tainted": false
                    },
                    "deposed": [],
                    "provider": "provider.aws"
                }
            },
            "depends_on": []
        }
    ]
}
