{
    "version": 3,
    "terraform_version": "0.11.8",
    "serial": 4,
    "lineage": "79ffd5bf-59bd-e1f9-345d-58ee962e6caf",
    "modules": [
        {
            "path": [
                "root"
            ],
            "outputs": {},
            "resources": {
                "aws_subnet.priv_a1": {
                    "type": "aws_subnet",
                    "depends_on": [
                        "aws_vpc.main"
                    ],
                    "primary": {
                        "id": "subnet-925b7dfa",
                        "attributes": {
                            "arn": "arn:aws:ec2:us-east-2:737765950268:subnet/subnet-925b7dfa",
                            "assign_ipv6_address_on_creation": "false",
                            "availability_zone": "us-east-2a",
                            "cidr_block": "172.16.0.0/24",
                            "id": "subnet-925b7dfa",
                            "map_public_ip_on_launch": "false",
                            "tags.%": "1",
                            "tags.Name": "shivji-priv-a1",
                            "vpc_id": "vpc-fa93ac92"
                        },
                        "meta": {
                            "e2bfb730-ecaa-11e6-8f88-34363bc7c4c0": {
                                "create": 600000000000,
                                "delete": 600000000000
                            },
                            "schema_version": "1"
                        },
                        "tainted": false
                    },
                    "deposed": [],
                    "provider": "provider.aws"
                },
                "aws_subnet.priv_a2": {
                    "type": "aws_subnet",
                    "depends_on": [
                        "aws_vpc.main"
                    ],
                    "primary": {
                        "id": "subnet-b52701dd",
                        "attributes": {
                            "arn": "arn:aws:ec2:us-east-2:737765950268:subnet/subnet-b52701dd",
                            "assign_ipv6_address_on_creation": "false",
                            "availability_zone": "us-east-2a",
                            "cidr_block": "172.16.1.0/24",
                            "id": "subnet-b52701dd",
                            "map_public_ip_on_launch": "false",
                            "tags.%": "1",
                            "tags.Name": "shivji-priv-a2",
                            "vpc_id": "vpc-fa93ac92"
                        },
                        "meta": {
                            "e2bfb730-ecaa-11e6-8f88-34363bc7c4c0": {
                                "create": 600000000000,
                                "delete": 600000000000
                            },
                            "schema_version": "1"
                        },
                        "tainted": false
                    },
                    "deposed": [],
                    "provider": "provider.aws"
                },
                "aws_subnet.priv_a3": {
                    "type": "aws_subnet",
                    "depends_on": [
                        "aws_vpc.main"
                    ],
                    "primary": {
                        "id": "subnet-06486e6e",
                        "attributes": {
                            "arn": "arn:aws:ec2:us-east-2:737765950268:subnet/subnet-06486e6e",
                            "assign_ipv6_address_on_creation": "false",
                            "availability_zone": "us-east-2a",
                            "cidr_block": "172.16.2.0/24",
                            "id": "subnet-06486e6e",
                            "map_public_ip_on_launch": "false",
                            "tags.%": "1",
                            "tags.Name": "shivji-priv-a3",
                            "vpc_id": "vpc-fa93ac92"
                        },
                        "meta": {
                            "e2bfb730-ecaa-11e6-8f88-34363bc7c4c0": {
                                "create": 600000000000,
                                "delete": 600000000000
                            },
                            "schema_version": "1"
                        },
                        "tainted": false
                    },
                    "deposed": [],
                    "provider": "provider.aws"
                },
                "aws_subnet.priv_b1": {
                    "type": "aws_subnet",
                    "depends_on": [
                        "aws_vpc.main"
                    ],
                    "primary": {
                        "id": "subnet-1789156d",
                        "attributes": {
                            "arn": "arn:aws:ec2:us-east-2:737765950268:subnet/subnet-1789156d",
                            "assign_ipv6_address_on_creation": "false",
                            "availability_zone": "us-east-2b",
                            "cidr_block": "172.16.3.0/24",
                            "id": "subnet-1789156d",
                            "map_public_ip_on_launch": "false",
                            "tags.%": "1",
                            "tags.Name": "shivji-priv-b1",
                            "vpc_id": "vpc-fa93ac92"
                        },
                        "meta": {
                            "e2bfb730-ecaa-11e6-8f88-34363bc7c4c0": {
                                "create": 600000000000,
                                "delete": 600000000000
                            },
                            "schema_version": "1"
                        },
                        "tainted": false
                    },
                    "deposed": [],
                    "provider": "provider.aws"
                },
                "aws_subnet.priv_b2": {
                    "type": "aws_subnet",
                    "depends_on": [
                        "aws_vpc.main"
                    ],
                    "primary": {
                        "id": "subnet-3f811d45",
                        "attributes": {
                            "arn": "arn:aws:ec2:us-east-2:737765950268:subnet/subnet-3f811d45",
                            "assign_ipv6_address_on_creation": "false",
                            "availability_zone": "us-east-2b",
                            "cidr_block": "172.16.4.0/24",
                            "id": "subnet-3f811d45",
                            "map_public_ip_on_launch": "false",
                            "tags.%": "1",
                            "tags.Name": "shivji-priv-b2",
                            "vpc_id": "vpc-fa93ac92"
                        },
                        "meta": {
                            "e2bfb730-ecaa-11e6-8f88-34363bc7c4c0": {
                                "create": 600000000000,
                                "delete": 600000000000
                            },
                            "schema_version": "1"
                        },
                        "tainted": false
                    },
                    "deposed": [],
                    "provider": "provider.aws"
                },
                "aws_subnet.priv_b3": {
                    "type": "aws_subnet",
                    "depends_on": [
                        "aws_vpc.main"
                    ],
                    "primary": {
                        "id": "subnet-56831f2c",
                        "attributes": {
                            "arn": "arn:aws:ec2:us-east-2:737765950268:subnet/subnet-56831f2c",
                            "assign_ipv6_address_on_creation": "false",
                            "availability_zone": "us-east-2b",
                            "cidr_block": "172.16.5.0/24",
                            "id": "subnet-56831f2c",
                            "map_public_ip_on_launch": "false",
                            "tags.%": "1",
                            "tags.Name": "shivji-priv-b3",
                            "vpc_id": "vpc-fa93ac92"
                        },
                        "meta": {
                            "e2bfb730-ecaa-11e6-8f88-34363bc7c4c0": {
                                "create": 600000000000,
                                "delete": 600000000000
                            },
                            "schema_version": "1"
                        },
                        "tainted": false
                    },
                    "deposed": [],
                    "provider": "provider.aws"
                },
                "aws_vpc.main": {
                    "type": "aws_vpc",
                    "depends_on": [],
                    "primary": {
                        "id": "vpc-fa93ac92",
                        "attributes": {
                            "arn": "arn:aws:ec2:us-east-2:737765950268:vpc/vpc-fa93ac92",
                            "assign_generated_ipv6_cidr_block": "false",
                            "cidr_block": "172.16.0.0/16",
                            "default_network_acl_id": "acl-2e836645",
                            "default_route_table_id": "rtb-19ed2a72",
                            "default_security_group_id": "sg-562c693b",
                            "dhcp_options_id": "dopt-c84349a0",
                            "enable_dns_hostnames": "true",
                            "enable_dns_support": "true",
                            "id": "vpc-fa93ac92",
                            "instance_tenancy": "default",
                            "main_route_table_id": "rtb-19ed2a72",
                            "tags.%": "1",
                            "tags.Name": "shivji-vpc"
                        },
                        "meta": {
                            "schema_version": "1"
                        },
                        "tainted": false
                    },
                    "deposed": [],
                    "provider": "provider.aws"
                },
                "aws_vpn_gateway.vpn_gw": {
                    "type": "aws_vpn_gateway",
                    "depends_on": [
                        "aws_vpc.main"
                    ],
                    "primary": {
                        "id": "vgw-f445cdc4",
                        "attributes": {
                            "amazon_side_asn": "64512",
                            "id": "vgw-f445cdc4",
                            "tags.%": "1",
                            "tags.Name": "gateway-of-india",
                            "vpc_id": "vpc-fa93ac92"
                        },
                        "meta": {},
                        "tainted": false
                    },
                    "deposed": [],
                    "provider": "provider.aws"
                }
            },
            "depends_on": []
        }
    ]
}
